
Microsoft Visual Studio Solution File, Format Version 12.00
# Visual Studio Version 17
VisualStudioVersion = 17.11.35312.102
MinimumVisualStudioVersion = 10.0.40219.1
Project("{FAE04EC0-301F-11D3-BF4B-00C04F79EFBC}") = "23DH113104_MyStore", "23DH113104_MyStore\23DH113104_MyStore.csproj", "{13B9C10D-E5B0-4FB5-B3C4-E085E0E225B2}"
EndProject
Global
	GlobalSection(SolutionConfigurationPlatforms) = preSolution
		Debug|Any CPU = Debug|Any CPU
		Release|Any CPU = Release|Any CPU
	EndGlobalSection
	GlobalSection(ProjectConfigurationPlatforms) = postSolution
		{13B9C10D-E5B0-4FB5-B3C4-E085E0E225B2}.Debug|Any CPU.ActiveCfg = Debug|Any CPU
		{13B9C10D-E5B0-4FB5-B3C4-E085E0E225B2}.Debug|Any CPU.Build.0 = Debug|Any CPU
		{13B9C10D-E5B0-4FB5-B3C4-E085E0E225B2}.Release|Any CPU.ActiveCfg = Release|Any CPU
		{13B9C10D-E5B0-4FB5-B3C4-E085E0E225B2}.Release|Any CPU.Build.0 = Release|Any CPU
	EndGlobalSection
	GlobalSection(SolutionProperties) = preSolution
		HideSolutionNode = FALSE
	EndGlobalSection
	GlobalSection(ExtensibilityGlobals) = postSolution
		SolutionGuid = {8F4F0948-3C3F-4E5D-9AA7-9E4CA938B166}
	EndGlobalSection
EndGlobal
